
Microsoft Visual Studio Solution File, Format Version 12.00
# Visual Studio Version 17
VisualStudioVersion = 17.13.35931.197 d17.13
MinimumVisualStudioVersion = 10.0.40219.1
Project("{8BC9CEB8-8B4A-11D0-8D11-00A0C91BC942}") = "Create", "Create\Create.vcxproj", "{CFA15AB0-16B8-4A45-B49C-8C0C5042E775}"
EndProject
Global
	GlobalSection(SolutionConfigurationPlatforms) = preSolution
		Debug|x64 = Debug|x64
		Debug|x86 = Debug|x86
		Release|x64 = Release|x64
		Release|x86 = Release|x86
	EndGlobalSection
	GlobalSection(ProjectConfigurationPlatforms) = postSolution
		{CFA15AB0-16B8-4A45-B49C-8C0C5042E775}.Debug|x64.ActiveCfg = Debug|x64
		{CFA15AB0-16B8-4A45-B49C-8C0C5042E775}.Debug|x64.Build.0 = Debug|x64
		{CFA15AB0-16B8-4A45-B49C-8C0C5042E775}.Debug|x86.ActiveCfg = Debug|Win32
		{CFA15AB0-16B8-4A45-B49C-8C0C5042E775}.Debug|x86.Build.0 = Debug|Win32
		{CFA15AB0-16B8-4A45-B49C-8C0C5042E775}.Release|x64.ActiveCfg = Release|x64
		{CFA15AB0-16B8-4A45-B49C-8C0C5042E775}.Release|x64.Build.0 = Release|x64
		{CFA15AB0-16B8-4A45-B49C-8C0C5042E775}.Release|x86.ActiveCfg = Release|Win32
		{CFA15AB0-16B8-4A45-B49C-8C0C5042E775}.Release|x86.Build.0 = Release|Win32
	EndGlobalSection
	GlobalSection(SolutionProperties) = preSolution
		HideSolutionNode = FALSE
	EndGlobalSection
	GlobalSection(ExtensibilityGlobals) = postSolution
		SolutionGuid = {66F018FA-25AC-4B7C-9B8F-8BC6AEAF9516}
	EndGlobalSection
EndGlobal
